{
    "_readme": [
        "This file locks the dependencies of your project to a known state",
        "Read more about it at http://getcomposer.org/doc/01-basic-usage.md#composer-lock-the-lock-file"
    ],
    "hash": "354727afedd7e2d26d4e1871ea45adb5",
    "packages": [
        {
            "name": "symfony/event-dispatcher",
            "version": "v2.3.6",
            "target-dir": "Symfony/Component/EventDispatcher",
            "source": {
                "type": "git",
                "url": "https://github.com/symfony/EventDispatcher.git",
                "reference": "7fc72a7a346a1887d3968cc1ce5642a15cd182e9"
            },
            "dist": {
                "type": "zip",
                "url": "https://api.github.com/repos/symfony/EventDispatcher/zipball/7fc72a7a346a1887d3968cc1ce5642a15cd182e9",
                "reference": "7fc72a7a346a1887d3968cc1ce5642a15cd182e9",
                "shasum": ""
            },
            "require": {
                "php": ">=5.3.3"
            },
            "require-dev": {
                "symfony/dependency-injection": "~2.0"
            },
            "suggest": {
                "symfony/dependency-injection": "",
                "symfony/http-kernel": ""
            },
            "type": "library",
            "extra": {
                "branch-alias": {
                    "dev-master": "2.3-dev"
                }
            },
            "autoload": {
                "psr-0": {
                    "Symfony\\Component\\EventDispatcher\\": ""
                }
            },
            "notification-url": "https://packagist.org/downloads/",
            "license": [
                "MIT"
            ],
            "authors": [
                {
                    "name": "Fabien Potencier",
                    "email": "fabien@symfony.com"
                },
                {
                    "name": "Symfony Community",
                    "homepage": "http://symfony.com/contributors"
                }
            ],
            "description": "Symfony EventDispatcher Component",
            "homepage": "http://symfony.com",
            "time": "2013-09-19 09:45:20"
        },
        {
            "name": "symfony/form",
            "version": "v2.3.6",
            "target-dir": "Symfony/Component/Form",
            "source": {
                "type": "git",
                "url": "https://github.com/symfony/Form.git",
                "reference": "a4469e3ed3192e6c17e52cd606d7ddbbda6f782b"
            },
            "dist": {
                "type": "zip",
                "url": "https://api.github.com/repos/symfony/Form/zipball/a4469e3ed3192e6c17e52cd606d7ddbbda6f782b",
                "reference": "a4469e3ed3192e6c17e52cd606d7ddbbda6f782b",
                "shasum": ""
            },
            "require": {
                "php": ">=5.3.3",
                "symfony/event-dispatcher": "~2.1",
                "symfony/intl": "~2.3",
                "symfony/options-resolver": "~2.1",
                "symfony/property-access": "~2.2"
            },
            "require-dev": {
                "symfony/http-foundation": "~2.2",
                "symfony/validator": "~2.2"
            },
            "suggest": {
                "symfony/http-foundation": "",
                "symfony/validator": ""
            },
            "type": "library",
            "extra": {
                "branch-alias": {
                    "dev-master": "2.3-dev"
                }
            },
            "autoload": {
                "psr-0": {
                    "Symfony\\Component\\Form\\": ""
                }
            },
            "notification-url": "https://packagist.org/downloads/",
            "license": [
                "MIT"
            ],
            "authors": [
                {
                    "name": "Fabien Potencier",
                    "email": "fabien@symfony.com"
                },
                {
                    "name": "Symfony Community",
                    "homepage": "http://symfony.com/contributors"
                }
            ],
            "description": "Symfony Form Component",
            "homepage": "http://symfony.com",
            "time": "2013-10-01 17:10:09"
        },
        {
            "name": "symfony/http-foundation",
            "version": "v2.3.6",
            "target-dir": "Symfony/Component/HttpFoundation",
            "source": {
                "type": "git",
                "url": "https://github.com/symfony/HttpFoundation.git",
                "reference": "59e712338cd05463ebcb8da6422a01b1291871e3"
            },
            "dist": {
                "type": "zip",
                "url": "https://api.github.com/repos/symfony/HttpFoundation/zipball/59e712338cd05463ebcb8da6422a01b1291871e3",
                "reference": "59e712338cd05463ebcb8da6422a01b1291871e3",
                "shasum": ""
            },
            "require": {
                "php": ">=5.3.3"
            },
            "type": "library",
            "extra": {
                "branch-alias": {
                    "dev-master": "2.3-dev"
                }
            },
            "autoload": {
                "psr-0": {
                    "Symfony\\Component\\HttpFoundation\\": ""
                },
                "classmap": [
                    "Symfony/Component/HttpFoundation/Resources/stubs"
                ]
            },
            "notification-url": "https://packagist.org/downloads/",
            "license": [
                "MIT"
            ],
            "authors": [
                {
                    "name": "Fabien Potencier",
                    "email": "fabien@symfony.com"
                },
                {
                    "name": "Symfony Community",
                    "homepage": "http://symfony.com/contributors"
                }
            ],
            "description": "Symfony HttpFoundation Component",
            "homepage": "http://symfony.com",
            "time": "2013-09-29 19:41:41"
        },
        {
            "name": "symfony/icu",
            "version": "v1.2.0",
            "target-dir": "Symfony/Component/Icu",
            "source": {
                "type": "git",
                "url": "https://github.com/symfony/Icu.git",
                "reference": "7299cd3d8d6602103d1ebff5d0a9917b7bc6de72"
            },
            "dist": {
                "type": "zip",
                "url": "https://api.github.com/repos/symfony/Icu/zipball/7299cd3d8d6602103d1ebff5d0a9917b7bc6de72",
                "reference": "7299cd3d8d6602103d1ebff5d0a9917b7bc6de72",
                "shasum": ""
            },
            "require": {
                "lib-icu": ">=4.4",
                "php": ">=5.3.3",
                "symfony/intl": "~2.3"
            },
            "type": "library",
            "autoload": {
                "psr-0": {
                    "Symfony\\Component\\Icu\\": ""
                }
            },
            "notification-url": "https://packagist.org/downloads/",
            "license": [
                "MIT"
            ],
            "authors": [
                {
                    "name": "Symfony Community",
                    "homepage": "http://symfony.com/contributors"
                },
                {
                    "name": "Bernhard Schussek",
                    "email": "bschussek@gmail.com"
                }
            ],
            "description": "Contains an excerpt of the ICU data and classes to load it.",
            "homepage": "http://symfony.com",
            "keywords": [
                "icu",
                "intl"
            ],
            "time": "2013-06-03 18:32:58"
        },
        {
            "name": "symfony/intl",
            "version": "v2.3.6",
            "target-dir": "Symfony/Component/Intl",
            "source": {
                "type": "git",
                "url": "https://github.com/symfony/Intl.git",
                "reference": "7b86304a8e8d829ecf195035d55bd09022ef2ad5"
            },
            "dist": {
                "type": "zip",
                "url": "https://api.github.com/repos/symfony/Intl/zipball/7b86304a8e8d829ecf195035d55bd09022ef2ad5",
                "reference": "7b86304a8e8d829ecf195035d55bd09022ef2ad5",
                "shasum": ""
            },
            "require": {
                "php": ">=5.3.3",
                "symfony/icu": "~1.0-RC"
            },
            "require-dev": {
                "symfony/filesystem": ">=2.1"
            },
            "suggest": {
                "ext-intl": "to use the component with locales other than \"en\""
            },
            "type": "library",
            "extra": {
                "branch-alias": {
                    "dev-master": "2.3-dev"
                }
            },
            "autoload": {
                "psr-0": {
                    "Symfony\\Component\\Intl\\": ""
                },
                "classmap": [
                    "Symfony/Component/Intl/Resources/stubs"
                ],
                "files": [
                    "Symfony/Component/Intl/Resources/stubs/functions.php"
                ]
            },
            "notification-url": "https://packagist.org/downloads/",
            "license": [
                "MIT"
            ],
            "authors": [
                {
                    "name": "Symfony Community",
                    "homepage": "http://symfony.com/contributors"
                },
                {
                    "name": "Igor Wiedler",
                    "email": "igor@wiedler.ch",
                    "homepage": "http://wiedler.ch/igor/"
                },
                {
                    "name": "Bernhard Schussek",
                    "email": "bschussek@gmail.com"
                },
                {
                    "name": "Eriksen Costa",
                    "email": "eriksen.costa@infranology.com.br"
                }
            ],
            "description": "A PHP replacement layer for the C intl extension that includes additional data from the ICU library.",
            "homepage": "http://symfony.com",
            "keywords": [
                "i18n",
                "icu",
                "internationalization",
                "intl",
                "l10n",
                "localization"
            ],
            "time": "2013-09-22 18:04:39"
        },
        {
            "name": "symfony/options-resolver",
            "version": "v2.3.6",
            "target-dir": "Symfony/Component/OptionsResolver",
            "source": {
                "type": "git",
                "url": "https://github.com/symfony/OptionsResolver.git",
                "reference": "d7a1df61ce5cb0c9c9e502f959d4d8ede532439a"
            },
            "dist": {
                "type": "zip",
                "url": "https://api.github.com/repos/symfony/OptionsResolver/zipball/d7a1df61ce5cb0c9c9e502f959d4d8ede532439a",
                "reference": "d7a1df61ce5cb0c9c9e502f959d4d8ede532439a",
                "shasum": ""
            },
            "require": {
                "php": ">=5.3.3"
            },
            "type": "library",
            "extra": {
                "branch-alias": {
                    "dev-master": "2.3-dev"
                }
            },
            "autoload": {
                "psr-0": {
                    "Symfony\\Component\\OptionsResolver\\": ""
                }
            },
            "notification-url": "https://packagist.org/downloads/",
            "license": [
                "MIT"
            ],
            "authors": [
                {
                    "name": "Fabien Potencier",
                    "email": "fabien@symfony.com"
                },
                {
                    "name": "Symfony Community",
                    "homepage": "http://symfony.com/contributors"
                }
            ],
            "description": "Symfony OptionsResolver Component",
            "homepage": "http://symfony.com",
            "keywords": [
                "config",
                "configuration",
                "options"
            ],
            "time": "2013-09-19 09:45:20"
        },
        {
            "name": "symfony/property-access",
            "version": "v2.3.6",
            "target-dir": "Symfony/Component/PropertyAccess",
            "source": {
                "type": "git",
                "url": "https://github.com/symfony/PropertyAccess.git",
                "reference": "cb01c537f672cf9d42b89d9b95992a18cdde1808"
            },
            "dist": {
                "type": "zip",
                "url": "https://api.github.com/repos/symfony/PropertyAccess/zipball/cb01c537f672cf9d42b89d9b95992a18cdde1808",
                "reference": "cb01c537f672cf9d42b89d9b95992a18cdde1808",
                "shasum": ""
            },
            "require": {
                "php": ">=5.3.3"
            },
            "type": "library",
            "extra": {
                "branch-alias": {
                    "dev-master": "2.3-dev"
                }
            },
            "autoload": {
                "psr-0": {
                    "Symfony\\Component\\PropertyAccess\\": ""
                }
            },
            "notification-url": "https://packagist.org/downloads/",
            "license": [
                "MIT"
            ],
            "authors": [
                {
                    "name": "Fabien Potencier",
                    "email": "fabien@symfony.com"
                },
                {
                    "name": "Symfony Community",
                    "homepage": "http://symfony.com/contributors"
                }
            ],
            "description": "Symfony PropertyAccess Component",
            "homepage": "http://symfony.com",
            "keywords": [
                "access",
                "array",
                "extraction",
                "index",
                "injection",
                "object",
                "property",
                "property path",
                "reflection"
            ],
            "time": "2013-09-19 09:45:20"
        },
        {
            "name": "symfony/twig-bridge",
            "version": "v2.3.6",
            "target-dir": "Symfony/Bridge/Twig",
            "source": {
                "type": "git",
                "url": "https://github.com/symfony/TwigBridge.git",
                "reference": "d784512e386b3d7ddeb22774e73f9d53f19da01f"
            },
            "dist": {
                "type": "zip",
                "url": "https://api.github.com/repos/symfony/TwigBridge/zipball/d784512e386b3d7ddeb22774e73f9d53f19da01f",
                "reference": "d784512e386b3d7ddeb22774e73f9d53f19da01f",
                "shasum": ""
            },
            "require": {
                "php": ">=5.3.3",
                "twig/twig": "~1.11"
            },
            "require-dev": {
                "symfony/form": "~2.2",
                "symfony/http-kernel": "~2.2",
                "symfony/routing": "~2.2",
                "symfony/security": "~2.0",
                "symfony/templating": "~2.1",
                "symfony/translation": "~2.2",
                "symfony/yaml": "~2.0"
            },
            "suggest": {
                "symfony/form": "",
                "symfony/http-kernel": "",
                "symfony/routing": "",
                "symfony/security": "",
                "symfony/templating": "",
                "symfony/translation": "",
                "symfony/yaml": ""
            },
            "type": "symfony-bridge",
            "extra": {
                "branch-alias": {
                    "dev-master": "2.3-dev"
                }
            },
            "autoload": {
                "psr-0": {
                    "Symfony\\Bridge\\Twig\\": ""
                }
            },
            "notification-url": "https://packagist.org/downloads/",
            "license": [
                "MIT"
            ],
            "authors": [
                {
                    "name": "Fabien Potencier",
                    "email": "fabien@symfony.com"
                },
                {
                    "name": "Symfony Community",
                    "homepage": "http://symfony.com/contributors"
                }
            ],
            "description": "Symfony Twig Bridge",
            "homepage": "http://symfony.com",
            "time": "2013-09-19 09:45:20"
        },
        {
            "name": "twig/twig",
            "version": "v1.14.1",
            "source": {
                "type": "git",
                "url": "https://github.com/fabpot/Twig.git",
                "reference": "8873d7593ad7c120004f177c0fd01459b383c9cb"
            },
            "dist": {
                "type": "zip",
                "url": "https://api.github.com/repos/fabpot/Twig/zipball/8873d7593ad7c120004f177c0fd01459b383c9cb",
                "reference": "8873d7593ad7c120004f177c0fd01459b383c9cb",
                "shasum": ""
            },
            "require": {
                "php": ">=5.2.4"
            },
            "type": "library",
            "extra": {
                "branch-alias": {
                    "dev-master": "1.14-dev"
                }
            },
            "autoload": {
                "psr-0": {
                    "Twig_": "lib/"
                }
            },
            "notification-url": "https://packagist.org/downloads/",
            "license": [
                "BSD-3-Clause"
            ],
            "authors": [
                {
                    "name": "Fabien Potencier",
                    "email": "fabien@symfony.com"
                },
                {
                    "name": "Armin Ronacher",
                    "email": "armin.ronacher@active-4.com"
                }
            ],
            "description": "Twig, the flexible, fast, and secure template language for PHP",
            "homepage": "http://twig.sensiolabs.org",
            "keywords": [
                "templating"
            ],
            "time": "2013-10-15 19:17:38"
        }
    ],
    "packages-dev": [

    ],
    "aliases": [

    ],
    "minimum-stability": "stable",
    "stability-flags": [

    ],
    "platform": [

    ],
    "platform-dev": [

    ]
}
